// !$*UTF8*$!
{
	archiveVersion = 1;
	classes = {
	};
	objectVersion = 46;
	objects = {

/* Begin PBXBuildFile section */
		065688F1196782FE0024BAF8 /* main.swift in Sources */ = {isa = PBXBuildFile; fileRef = 065688F0196782FE0024BAF8 /* main.swift */; };
		3C9B6B10196F4C26004D723D /* DumpClassNames in CopyFiles */ = {isa = PBXBuildFile; fileRef = 065688ED196782FE0024BAF8 /* DumpClassNames */; };
/* End PBXBuildFile section */

/* Begin PBXCopyFilesBuildPhase section */
		065688EB196782FE0024BAF8 /* CopyFiles */ = {
			isa = PBXCopyFilesBuildPhase;
			buildActionMask = 12;
			dstPath = "$(PROJECT_DIR)/../../Release/DumpClassNames";
			dstSubfolderSpec = 0;
			files = (
				3C9B6B10196F4C26004D723D /* DumpClassNames in CopyFiles */,
			);
			runOnlyForDeploymentPostprocessing = 0;
		};
/* End PBXCopyFilesBuildPhase section */

/* Begin PBXFileReference section */
		065688ED196782FE0024BAF8 /* DumpClassNames */ = {isa = PBXFileReference; explicitFileType = "compiled.mach-o.executable"; includeInIndex = 0; path = DumpClassNames; sourceTree = BUILT_PRODUCTS_DIR; };
		065688F0196782FE0024BAF8 /* main.swift */ = {isa = PBXFileReference; lastKnownFileType = sourcecode.swift; path = main.swift; sourceTree = "<group>"; };
		3C266BC819706172009B4C9F /* README.md */ = {isa = PBXFileReference; fileEncoding = 4; lastKnownFileType = net.daringfireball.markdown; path = README.md; sourceTree = "<group>"; };
/* End PBXFileReference section */

/* Begin PBXFrameworksBuildPhase section */
		065688EA196782FE0024BAF8 /* Frameworks */ = {
			isa = PBXFrameworksBuildPhase;
			buildActionMask = 2147483647;
			files = (
			);
			runOnlyForDeploymentPostprocessing = 0;
		};
/* End PBXFrameworksBuildPhase section */

/* Begin PBXGroup section */
		065688E4196782FE0024BAF8 = {
			isa = PBXGroup;
			children = (
				3C266BC819706172009B4C9F /* README.md */,
				065688EF196782FE0024BAF8 /* DumpClassNames */,
				065688EE196782FE0024BAF8 /* Products */,
			);
			sourceTree = "<group>";
		};
		065688EE196782FE0024BAF8 /* Products */ = {
			isa = PBXGroup;
			children = (
				065688ED196782FE0024BAF8 /* DumpClassNames */,
			);
			name = Products;
			sourceTree = "<group>";
		};
		065688EF196782FE0024BAF8 /* DumpClassNames */ = {
			isa = PBXGroup;
			children = (
				065688F0196782FE0024BAF8 /* main.swift */,
			);
			path = DumpClassNames;
			sourceTree = "<group>";
		};
/* End PBXGroup section */

/* Begin PBXNativeTarget section */
		065688EC196782FE0024BAF8 /* DumpClassNames */ = {
			isa = PBXNativeTarget;
			buildConfigurationList = 065688F4196782FE0024BAF8 /* Build configuration list for PBXNativeTarget "DumpClassNames" */;
			buildPhases = (
				065688E9196782FE0024BAF8 /* Sources */,
				065688EA196782FE0024BAF8 /* Frameworks */,
				065688EB196782FE0024BAF8 /* CopyFiles */,
			);
			buildRules = (
			);
			dependencies = (
			);
			name = DumpClassNames;
			productName = dumpclassnames;
			productReference = 065688ED196782FE0024BAF8 /* DumpClassNames */;
			productType = "com.apple.product-type.tool";
		};
/* End PBXNativeTarget section */

/* Begin PBXProject section */
		065688E5196782FE0024BAF8 /* Project object */ = {
			isa = PBXProject;
			attributes = {
				LastUpgradeCheck = 0600;
				ORGANIZATIONNAME = Yahoo;
				TargetAttributes = {
					065688EC196782FE0024BAF8 = {
						CreatedOnToolsVersion = 6.0;
					};
				};
			};
			buildConfigurationList = 065688E8196782FE0024BAF8 /* Build configuration list for PBXProject "DumpClassNames" */;
			compatibilityVersion = "Xcode 3.2";
			developmentRegion = English;
			hasScannedForEncodings = 0;
			knownRegions = (
				en,
			);
			mainGroup = 065688E4196782FE0024BAF8;
			productRefGroup = 065688EE196782FE0024BAF8 /* Products */;
			projectDirPath = "";
			projectRoot = "";
			targets = (
				065688EC196782FE0024BAF8 /* DumpClassNames */,
			);
		};
/* End PBXProject section */

/* Begin PBXSourcesBuildPhase section */
		065688E9196782FE0024BAF8 /* Sources */ = {
			isa = PBXSourcesBuildPhase;
			buildActionMask = 2147483647;
			files = (
				065688F1196782FE0024BAF8 /* main.swift in Sources */,
			);
			runOnlyForDeploymentPostprocessing = 0;
		};
/* End PBXSourcesBuildPhase section */

/* Begin XCBuildConfiguration section */
		065688F2196782FE0024BAF8 /* Debug */ = {
			isa = XCBuildConfiguration;
			buildSettings = {
				ALWAYS_SEARCH_USER_PATHS = NO;
				CLANG_CXX_LANGUAGE_STANDARD = "gnu++0x";
				CLANG_CXX_LIBRARY = "libc++";
				CLANG_ENABLE_MODULES = YES;
				CLANG_ENABLE_OBJC_ARC = YES;
				CLANG_WARN_BOOL_CONVERSION = YES;
				CLANG_WARN_CONSTANT_CONVERSION = YES;
				CLANG_WARN_DIRECT_OBJC_ISA_USAGE = YES_ERROR;
				CLANG_WARN_EMPTY_BODY = YES;
				CLANG_WARN_ENUM_CONVERSION = YES;
				CLANG_WARN_INT_CONVERSION = YES;
				CLANG_WARN_OBJC_ROOT_CLASS = YES_ERROR;
				CLANG_WARN_UNREACHABLE_CODE = YES;
				CLANG_WARN__DUPLICATE_METHOD_MATCH = YES;
				COPY_PHASE_STRIP = NO;
				ENABLE_STRICT_OBJC_MSGSEND = YES;
				GCC_C_LANGUAGE_STANDARD = gnu99;
				GCC_DYNAMIC_NO_PIC = NO;
				GCC_OPTIMIZATION_LEVEL = 0;
				GCC_PREPROCESSOR_DEFINITIONS = (
					"DEBUG=1",
					"$(inherited)",
				);
				GCC_SYMBOLS_PRIVATE_EXTERN = NO;
				GCC_WARN_64_TO_32_BIT_CONVERSION = YES;
				GCC_WARN_ABOUT_RETURN_TYPE = YES_ERROR;
				GCC_WARN_UNDECLARED_SELECTOR = YES;
				GCC_WARN_UNINITIALIZED_AUTOS = YES_AGGRESSIVE;
				GCC_WARN_UNUSED_FUNCTION = YES;
				GCC_WARN_UNUSED_VARIABLE = YES;
				MACOSX_DEPLOYMENT_TARGET = 10.10;
				METAL_ENABLE_DEBUG_INFO = YES;
				ONLY_ACTIVE_ARCH = NO;
				SDKROOT = macosx;
				SWIFT_OPTIMIZATION_LEVEL = "-Onone";
			};
			name = Debug;
		};
		065688F3196782FE0024BAF8 /* Release */ = {
			isa = XCBuildConfiguration;
			buildSettings = {
				ALWAYS_SEARCH_USER_PATHS = NO;
				CLANG_CXX_LANGUAGE_STANDARD = "gnu++0x";
				CLANG_CXX_LIBRARY = "libc++";
				CLANG_ENABLE_MODULES = YES;
				CLANG_ENABLE_OBJC_ARC = YES;
				CLANG_WARN_BOOL_CONVERSION = YES;
				CLANG_WARN_CONSTANT_CONVERSION = YES;
				CLANG_WARN_DIRECT_OBJC_ISA_USAGE = YES_ERROR;
				CLANG_WARN_EMPTY_BODY = YES;
				CLANG_WARN_ENUM_CONVERSION = YES;
				CLANG_WARN_INT_CONVERSION = YES;
				CLANG_WARN_OBJC_ROOT_CLASS = YES_ERROR;
				CLANG_WARN_UNREACHABLE_CODE = YES;
				CLANG_WARN__DUPLICATE_METHOD_MATCH = YES;
				COPY_PHASE_STRIP = YES;
				DEBUG_INFORMATION_FORMAT = "dwarf-with-dsym";
				ENABLE_NS_ASSERTIONS = NO;
				ENABLE_STRICT_OBJC_MSGSEND = YES;
				GCC_C_LANGUAGE_STANDARD = gnu99;
				GCC_WARN_64_TO_32_BIT_CONVERSION = YES;
				GCC_WARN_ABOUT_RETURN_TYPE = YES_ERROR;
				GCC_WARN_UNDECLARED_SELECTOR = YES;
				GCC_WARN_UNINITIALIZED_AUTOS = YES_AGGRESSIVE;
				GCC_WARN_UNUSED_FUNCTION = YES;
				GCC_WARN_UNUSED_VARIABLE = YES;
				MACOSX_DEPLOYMENT_TARGET = 10.10;
				METAL_ENABLE_DEBUG_INFO = NO;
				SDKROOT = macosx;
			};
			name = Release;
		};
		065688F5196782FE0024BAF8 /* Debug */ = {
			isa = XCBuildConfiguration;
			buildSettings = {
				MACOSX_DEPLOYMENT_TARGET = 10.9;
				PRODUCT_NAME = "$(TARGET_NAME)";
				SDKROOT = macosx;
			};
			name = Debug;
		};
		065688F6196782FE0024BAF8 /* Release */ = {
			isa = XCBuildConfiguration;
			buildSettings = {
				MACOSX_DEPLOYMENT_TARGET = 10.9;
				PRODUCT_NAME = "$(TARGET_NAME)";
				SDKROOT = macosx;
			};
			name = Release;
		};
/* End XCBuildConfiguration section */

/* Begin XCConfigurationList section */
		065688E8196782FE0024BAF8 /* Build configuration list for PBXProject "DumpClassNames" */ = {
			isa = XCConfigurationList;
			buildConfigurations = (
				065688F2196782FE0024BAF8 /* Debug */,
				065688F3196782FE0024BAF8 /* Release */,
			);
			defaultConfigurationIsVisible = 0;
			defaultConfigurationName = Release;
		};
		065688F4196782FE0024BAF8 /* Build configuration list for PBXNativeTarget "DumpClassNames" */ = {
			isa = XCConfigurationList;
			buildConfigurations = (
				065688F5196782FE0024BAF8 /* Debug */,
				065688F6196782FE0024BAF8 /* Release */,
			);
			defaultConfigurationIsVisible = 0;
			defaultConfigurationName = Release;
		};
/* End XCConfigurationList section */
	};
	rootObject = 065688E5196782FE0024BAF8 /* Project object */;
}
